{
  "name": "hello-effect",
  "version": "1.0.0",
  "lockfileVersion": 3,
  "requires": true,
  "packages": {
    "": {
      "name": "hello-effect",
      "version": "1.0.0",
      "license": "ISC",
      "dependencies": {
        "effect": "^3.11.3"
      },
      "devDependencies": {
        "typescript": "^5.7.2"
      }
    },
    "node_modules/effect": {
      "version": "3.11.3",
      "resolved": "https://registry.npmjs.org/effect/-/effect-3.11.3.tgz",
      "integrity": "sha512-pbdB97Ejdbu7YvnkOf5J8y9J0ZIveAK+uKUZJpZGqUyTfykpL9VqfzahjWfdkseDqsktEZS7bFuJ9IBowVWNpA==",
      "license": "MIT",
      "dependencies": {
        "fast-check": "^3.21.0"
      }
    },
    "node_modules/fast-check": {
      "version": "3.23.1",
      "resolved": "https://registry.npmjs.org/fast-check/-/fast-check-3.23.1.tgz",
      "integrity": "sha512-u/MudsoQEgBUZgR5N1v87vEgybeVYus9VnDVaIkxkkGP2jt54naghQ3PCQHJiogS8U/GavZCUPFfx3Xkp+NaHw==",
      "funding": [
        {
          "type": "individual",
          "url": "https://github.com/sponsors/dubzzz"
        },
        {
          "type": "opencollective",
          "url": "https://opencollective.com/fast-check"
        }
      ],
      "license": "MIT",
      "dependencies": {
        "pure-rand": "^6.1.0"
      },
      "engines": {
        "node": ">=8.0.0"
      }
    },
    "node_modules/pure-rand": {
      "version": "6.1.0",
      "resolved": "https://registry.npmjs.org/pure-rand/-/pure-rand-6.1.0.tgz",
      "integrity": "sha512-bVWawvoZoBYpp6yIoQtQXHZjmz35RSVHnUOTefl8Vcjr8snTPY1wnpSPMWekcFwbxI6gtmT7rSYPFvz71ldiOA==",
      "funding": [
        {
          "type": "individual",
          "url": "https://github.com/sponsors/dubzzz"
        },
        {
          "type": "opencollective",
          "url": "https://opencollective.com/fast-check"
        }
      ],
      "license": "MIT"
    },
    "node_modules/typescript": {
      "version": "5.7.2",
      "resolved": "https://registry.npmjs.org/typescript/-/typescript-5.7.2.tgz",
      "integrity": "sha512-i5t66RHxDvVN40HfDd1PsEThGNnlMCMT3jMUuoh9/0TaqWevNontacunWyN02LA9/fIbEWlcHZcgTKb9QoaLfg==",
      "dev": true,
      "license": "Apache-2.0",
      "bin": {
        "tsc": "bin/tsc",
        "tsserver": "bin/tsserver"
      },
      "engines": {
        "node": ">=14.17"
      }
    }
  }
}
